
Microsoft Visual Studio Solution File, Format Version 12.00
# Visual Studio Version 17
VisualStudioVersion = 17.3.32929.385
MinimumVisualStudioVersion = 10.0.40219.1
Project("{FAE04EC0-301F-11D3-BF4B-00C04F79EFBC}") = "FuzzyMultiCriteriaSolver", "FuzzyMultiCriteriaSolver\FuzzyMultiCriteriaSolver.csproj", "{383B6856-DBA6-46B7-85CA-0A1A9D9CB9A5}"
EndProject
Global
	GlobalSection(SolutionConfigurationPlatforms) = preSolution
		Debug|Any CPU = Debug|Any CPU
		Release|Any CPU = Release|Any CPU
	EndGlobalSection
	GlobalSection(ProjectConfigurationPlatforms) = postSolution
		{383B6856-DBA6-46B7-85CA-0A1A9D9CB9A5}.Debug|Any CPU.ActiveCfg = Debug|Any CPU
		{383B6856-DBA6-46B7-85CA-0A1A9D9CB9A5}.Debug|Any CPU.Build.0 = Debug|Any CPU
		{383B6856-DBA6-46B7-85CA-0A1A9D9CB9A5}.Release|Any CPU.ActiveCfg = Release|Any CPU
		{383B6856-DBA6-46B7-85CA-0A1A9D9CB9A5}.Release|Any CPU.Build.0 = Release|Any CPU
	EndGlobalSection
	GlobalSection(SolutionProperties) = preSolution
		HideSolutionNode = FALSE
	EndGlobalSection
	GlobalSection(ExtensibilityGlobals) = postSolution
		SolutionGuid = {DE2EB887-A827-4FD3-8547-C9EE496964AC}
	EndGlobalSection
EndGlobal
